// !$*UTF8*$!
{
	archiveVersion = 1;
	classes = {
	};
	objectVersion = 50;
	objects = {

/* Begin PBXBuildFile section */
		8B03A2A522D9466600BF35FD /* AppDelegate.swift in Sources */ = {isa = PBXBuildFile; fileRef = 8B03A2A422D9466600BF35FD /* AppDelegate.swift */; };
		8B03A2A722D9466600BF35FD /* ScanController.swift in Sources */ = {isa = PBXBuildFile; fileRef = 8B03A2A622D9466600BF35FD /* ScanController.swift */; };
		8B03A2AA22D9466600BF35FD /* Main.storyboard in Resources */ = {isa = PBXBuildFile; fileRef = 8B03A2A822D9466600BF35FD /* Main.storyboard */; };
		8B03A2AD22D9466600BF35FD /* JakartaLearningProject.xcdatamodeld in Sources */ = {isa = PBXBuildFile; fileRef = 8B03A2AB22D9466600BF35FD /* JakartaLearningProject.xcdatamodeld */; };
		8B03A2AF22D9466700BF35FD /* Assets.xcassets in Resources */ = {isa = PBXBuildFile; fileRef = 8B03A2AE22D9466700BF35FD /* Assets.xcassets */; };
		8B03A2B222D9466700BF35FD /* LaunchScreen.storyboard in Resources */ = {isa = PBXBuildFile; fileRef = 8B03A2B022D9466700BF35FD /* LaunchScreen.storyboard */; };
		8B03A2BC22D94A3700BF35FD /* ExploredController.swift in Sources */ = {isa = PBXBuildFile; fileRef = 8B03A2BB22D94A3700BF35FD /* ExploredController.swift */; };
		8B03A2BE22DC91A300BF35FD /* DiscoverMapController.swift in Sources */ = {isa = PBXBuildFile; fileRef = 8B03A2BD22DC91A300BF35FD /* DiscoverMapController.swift */; };
		8B03A2C022DC91BF00BF35FD /* InformationController.swift in Sources */ = {isa = PBXBuildFile; fileRef = 8B03A2BF22DC91BF00BF35FD /* InformationController.swift */; };
		8B03A2C422DDB8A600BF35FD /* ApplicationData.swift in Sources */ = {isa = PBXBuildFile; fileRef = 8B03A2C322DDB8A600BF35FD /* ApplicationData.swift */; };
		8B03A2CF22DF06BC00BF35FD /* MLKotaTuaV4.mlmodel in Sources */ = {isa = PBXBuildFile; fileRef = 8B03A2CE22DF06BC00BF35FD /* MLKotaTuaV4.mlmodel */; };
		8B03A2D722E06BE000BF35FD /* PhotoCell.swift in Sources */ = {isa = PBXBuildFile; fileRef = 8B03A2D622E06BE000BF35FD /* PhotoCell.swift */; };
		8BC9B6D422E1BC0900F36F01 /* MLKotaTuaV5.mlmodel in Sources */ = {isa = PBXBuildFile; fileRef = 8BC9B6D322E1BC0900F36F01 /* MLKotaTuaV5.mlmodel */; };
		8BC9B6D822E219E300F36F01 /* DiscoverTable.swift in Sources */ = {isa = PBXBuildFile; fileRef = 8BC9B6D722E219E300F36F01 /* DiscoverTable.swift */; };
		8BC9B6DB22E21A1B00F36F01 /* JakPusCollection.swift in Sources */ = {isa = PBXBuildFile; fileRef = 8BC9B6DA22E21A1B00F36F01 /* JakPusCollection.swift */; };
		8BC9B6DD22E21A3300F36F01 /* KotuCollection.swift in Sources */ = {isa = PBXBuildFile; fileRef = 8BC9B6DC22E21A3300F36F01 /* KotuCollection.swift */; };
		8BC9B6E022E21A5B00F36F01 /* KotuTableViewCell.swift in Sources */ = {isa = PBXBuildFile; fileRef = 8BC9B6DF22E21A5B00F36F01 /* KotuTableViewCell.swift */; };
		8BC9B6E222E21A6C00F36F01 /* JakpusTableViewCell.swift in Sources */ = {isa = PBXBuildFile; fileRef = 8BC9B6E122E21A6C00F36F01 /* JakpusTableViewCell.swift */; };
		8BC9B6E522E21A9900F36F01 /* JakPusCell.swift in Sources */ = {isa = PBXBuildFile; fileRef = 8BC9B6E422E21A9900F36F01 /* JakPusCell.swift */; };
		8BC9B6E722E21AAB00F36F01 /* KotuCell.swift in Sources */ = {isa = PBXBuildFile; fileRef = 8BC9B6E622E21AAB00F36F01 /* KotuCell.swift */; };
		8BC9B6EB22E21C8500F36F01 /* DiscoverViewController.swift in Sources */ = {isa = PBXBuildFile; fileRef = 8BC9B6EA22E21C8500F36F01 /* DiscoverViewController.swift */; };
/* End PBXBuildFile section */

/* Begin PBXFileReference section */
		8B03A2A122D9466600BF35FD /* JakartaLearningProject.app */ = {isa = PBXFileReference; explicitFileType = wrapper.application; includeInIndex = 0; path = JakartaLearningProject.app; sourceTree = BUILT_PRODUCTS_DIR; };
		8B03A2A422D9466600BF35FD /* AppDelegate.swift */ = {isa = PBXFileReference; lastKnownFileType = sourcecode.swift; path = AppDelegate.swift; sourceTree = "<group>"; };
		8B03A2A622D9466600BF35FD /* ScanController.swift */ = {isa = PBXFileReference; lastKnownFileType = sourcecode.swift; path = ScanController.swift; sourceTree = "<group>"; };
		8B03A2A922D9466600BF35FD /* Base */ = {isa = PBXFileReference; lastKnownFileType = file.storyboard; name = Base; path = Base.lproj/Main.storyboard; sourceTree = "<group>"; };
		8B03A2AC22D9466600BF35FD /* JakartaLearningProject.xcdatamodel */ = {isa = PBXFileReference; lastKnownFileType = wrapper.xcdatamodel; path = JakartaLearningProject.xcdatamodel; sourceTree = "<group>"; };
		8B03A2AE22D9466700BF35FD /* Assets.xcassets */ = {isa = PBXFileReference; lastKnownFileType = folder.assetcatalog; path = Assets.xcassets; sourceTree = "<group>"; };
		8B03A2B122D9466700BF35FD /* Base */ = {isa = PBXFileReference; lastKnownFileType = file.storyboard; name = Base; path = Base.lproj/LaunchScreen.storyboard; sourceTree = "<group>"; };
		8B03A2B322D9466700BF35FD /* Info.plist */ = {isa = PBXFileReference; lastKnownFileType = text.plist.xml; path = Info.plist; sourceTree = "<group>"; };
		8B03A2BB22D94A3700BF35FD /* ExploredController.swift */ = {isa = PBXFileReference; lastKnownFileType = sourcecode.swift; path = ExploredController.swift; sourceTree = "<group>"; };
		8B03A2BD22DC91A300BF35FD /* DiscoverMapController.swift */ = {isa = PBXFileReference; lastKnownFileType = sourcecode.swift; path = DiscoverMapController.swift; sourceTree = "<group>"; };
		8B03A2BF22DC91BF00BF35FD /* InformationController.swift */ = {isa = PBXFileReference; lastKnownFileType = sourcecode.swift; path = InformationController.swift; sourceTree = "<group>"; };
		8B03A2C322DDB8A600BF35FD /* ApplicationData.swift */ = {isa = PBXFileReference; lastKnownFileType = sourcecode.swift; path = ApplicationData.swift; sourceTree = "<group>"; };
		8B03A2CE22DF06BC00BF35FD /* MLKotaTuaV4.mlmodel */ = {isa = PBXFileReference; lastKnownFileType = file.mlmodel; path = MLKotaTuaV4.mlmodel; sourceTree = "<group>"; };
		8B03A2D622E06BE000BF35FD /* PhotoCell.swift */ = {isa = PBXFileReference; lastKnownFileType = sourcecode.swift; path = PhotoCell.swift; sourceTree = "<group>"; };
		8BC9B6D322E1BC0900F36F01 /* MLKotaTuaV5.mlmodel */ = {isa = PBXFileReference; lastKnownFileType = file.mlmodel; path = MLKotaTuaV5.mlmodel; sourceTree = "<group>"; };
		8BC9B6D722E219E300F36F01 /* DiscoverTable.swift */ = {isa = PBXFileReference; lastKnownFileType = sourcecode.swift; path = DiscoverTable.swift; sourceTree = "<group>"; };
		8BC9B6DA22E21A1B00F36F01 /* JakPusCollection.swift */ = {isa = PBXFileReference; lastKnownFileType = sourcecode.swift; path = JakPusCollection.swift; sourceTree = "<group>"; };
		8BC9B6DC22E21A3300F36F01 /* KotuCollection.swift */ = {isa = PBXFileReference; lastKnownFileType = sourcecode.swift; path = KotuCollection.swift; sourceTree = "<group>"; };
		8BC9B6DF22E21A5B00F36F01 /* KotuTableViewCell.swift */ = {isa = PBXFileReference; lastKnownFileType = sourcecode.swift; path = KotuTableViewCell.swift; sourceTree = "<group>"; };
		8BC9B6E122E21A6C00F36F01 /* JakpusTableViewCell.swift */ = {isa = PBXFileReference; lastKnownFileType = sourcecode.swift; path = JakpusTableViewCell.swift; sourceTree = "<group>"; };
		8BC9B6E422E21A9900F36F01 /* JakPusCell.swift */ = {isa = PBXFileReference; lastKnownFileType = sourcecode.swift; path = JakPusCell.swift; sourceTree = "<group>"; };
		8BC9B6E622E21AAB00F36F01 /* KotuCell.swift */ = {isa = PBXFileReference; lastKnownFileType = sourcecode.swift; path = KotuCell.swift; sourceTree = "<group>"; };
		8BC9B6EA22E21C8500F36F01 /* DiscoverViewController.swift */ = {isa = PBXFileReference; lastKnownFileType = sourcecode.swift; path = DiscoverViewController.swift; sourceTree = "<group>"; };
/* End PBXFileReference section */

/* Begin PBXFrameworksBuildPhase section */
		8B03A29E22D9466600BF35FD /* Frameworks */ = {
			isa = PBXFrameworksBuildPhase;
			buildActionMask = 2147483647;
			files = (
			);
			runOnlyForDeploymentPostprocessing = 0;
		};
/* End PBXFrameworksBuildPhase section */

/* Begin PBXGroup section */
		8B03A29822D9466600BF35FD = {
			isa = PBXGroup;
			children = (
				8B03A2A322D9466600BF35FD /* JakartaLearningProject */,
				8B03A2A222D9466600BF35FD /* Products */,
			);
			sourceTree = "<group>";
		};
		8B03A2A222D9466600BF35FD /* Products */ = {
			isa = PBXGroup;
			children = (
				8B03A2A122D9466600BF35FD /* JakartaLearningProject.app */,
			);
			name = Products;
			sourceTree = "<group>";
		};
		8B03A2A322D9466600BF35FD /* JakartaLearningProject */ = {
			isa = PBXGroup;
			children = (
				8B03A2C722DDB8DC00BF35FD /* View */,
				8B03A2C522DDB8AF00BF35FD /* Model */,
				8B03A2C622DDB8C300BF35FD /* Controller */,
				8B03A2A422D9466600BF35FD /* AppDelegate.swift */,
				8B03A2AE22D9466700BF35FD /* Assets.xcassets */,
				8B03A2B022D9466700BF35FD /* LaunchScreen.storyboard */,
				8B03A2B322D9466700BF35FD /* Info.plist */,
				8B03A2AB22D9466600BF35FD /* JakartaLearningProject.xcdatamodeld */,
			);
			path = JakartaLearningProject;
			sourceTree = "<group>";
		};
		8B03A2C522DDB8AF00BF35FD /* Model */ = {
			isa = PBXGroup;
			children = (
				8B03A2CE22DF06BC00BF35FD /* MLKotaTuaV4.mlmodel */,
				8BC9B6D322E1BC0900F36F01 /* MLKotaTuaV5.mlmodel */,
				8B03A2C322DDB8A600BF35FD /* ApplicationData.swift */,
			);
			path = Model;
			sourceTree = "<group>";
		};
		8B03A2C622DDB8C300BF35FD /* Controller */ = {
			isa = PBXGroup;
			children = (
				8B03A2BB22D94A3700BF35FD /* ExploredController.swift */,
				8B03A2A622D9466600BF35FD /* ScanController.swift */,
				8B03A2BF22DC91BF00BF35FD /* InformationController.swift */,
				8BC9B6EA22E21C8500F36F01 /* DiscoverViewController.swift */,
				8B03A2BD22DC91A300BF35FD /* DiscoverMapController.swift */,
			);
			path = Controller;
			sourceTree = "<group>";
		};
		8B03A2C722DDB8DC00BF35FD /* View */ = {
			isa = PBXGroup;
			children = (
				8BC9B6D522E2199F00F36F01 /* DiscoverView */,
				8B03A2A822D9466600BF35FD /* Main.storyboard */,
				8B03A2D622E06BE000BF35FD /* PhotoCell.swift */,
			);
			path = View;
			sourceTree = "<group>";
		};
		8BC9B6D522E2199F00F36F01 /* DiscoverView */ = {
			isa = PBXGroup;
			children = (
				8BC9B6D622E219CA00F36F01 /* Table */,
				8BC9B6D922E21A0000F36F01 /* Collection */,
				8BC9B6DE22E21A4000F36F01 /* TableViewCell */,
				8BC9B6E322E21A8300F36F01 /* Custom Cell */,
			);
			path = DiscoverView;
			sourceTree = "<group>";
		};
		8BC9B6D622E219CA00F36F01 /* Table */ = {
			isa = PBXGroup;
			children = (
				8BC9B6D722E219E300F36F01 /* DiscoverTable.swift */,
			);
			path = Table;
			sourceTree = "<group>";
		};
		8BC9B6D922E21A0000F36F01 /* Collection */ = {
			isa = PBXGroup;
			children = (
				8BC9B6DA22E21A1B00F36F01 /* JakPusCollection.swift */,
				8BC9B6DC22E21A3300F36F01 /* KotuCollection.swift */,
			);
			path = Collection;
			sourceTree = "<group>";
		};
		8BC9B6DE22E21A4000F36F01 /* TableViewCell */ = {
			isa = PBXGroup;
			children = (
				8BC9B6DF22E21A5B00F36F01 /* KotuTableViewCell.swift */,
				8BC9B6E122E21A6C00F36F01 /* JakpusTableViewCell.swift */,
			);
			path = TableViewCell;
			sourceTree = "<group>";
		};
		8BC9B6E322E21A8300F36F01 /* Custom Cell */ = {
			isa = PBXGroup;
			children = (
				8BC9B6E422E21A9900F36F01 /* JakPusCell.swift */,
				8BC9B6E622E21AAB00F36F01 /* KotuCell.swift */,
			);
			path = "Custom Cell";
			sourceTree = "<group>";
		};
/* End PBXGroup section */

/* Begin PBXNativeTarget section */
		8B03A2A022D9466600BF35FD /* JakartaLearningProject */ = {
			isa = PBXNativeTarget;
			buildConfigurationList = 8B03A2B622D9466700BF35FD /* Build configuration list for PBXNativeTarget "JakartaLearningProject" */;
			buildPhases = (
				8B03A29D22D9466600BF35FD /* Sources */,
				8B03A29E22D9466600BF35FD /* Frameworks */,
				8B03A29F22D9466600BF35FD /* Resources */,
			);
			buildRules = (
			);
			dependencies = (
			);
			name = JakartaLearningProject;
			productName = JakartaLearningProject;
			productReference = 8B03A2A122D9466600BF35FD /* JakartaLearningProject.app */;
			productType = "com.apple.product-type.application";
		};
/* End PBXNativeTarget section */

/* Begin PBXProject section */
		8B03A29922D9466600BF35FD /* Project object */ = {
			isa = PBXProject;
			attributes = {
				LastSwiftUpdateCheck = 1020;
				LastUpgradeCheck = 1020;
				ORGANIZATIONNAME = "Andi Ikhsan Eldrian";
				TargetAttributes = {
					8B03A2A022D9466600BF35FD = {
						CreatedOnToolsVersion = 10.2;
					};
				};
			};
			buildConfigurationList = 8B03A29C22D9466600BF35FD /* Build configuration list for PBXProject "JakartaLearningProject" */;
			compatibilityVersion = "Xcode 9.3";
			developmentRegion = en;
			hasScannedForEncodings = 0;
			knownRegions = (
				en,
				Base,
			);
			mainGroup = 8B03A29822D9466600BF35FD;
			productRefGroup = 8B03A2A222D9466600BF35FD /* Products */;
			projectDirPath = "";
			projectRoot = "";
			targets = (
				8B03A2A022D9466600BF35FD /* JakartaLearningProject */,
			);
		};
/* End PBXProject section */

/* Begin PBXResourcesBuildPhase section */
		8B03A29F22D9466600BF35FD /* Resources */ = {
			isa = PBXResourcesBuildPhase;
			buildActionMask = 2147483647;
			files = (
				8B03A2B222D9466700BF35FD /* LaunchScreen.storyboard in Resources */,
				8B03A2AF22D9466700BF35FD /* Assets.xcassets in Resources */,
				8B03A2AA22D9466600BF35FD /* Main.storyboard in Resources */,
			);
			runOnlyForDeploymentPostprocessing = 0;
		};
/* End PBXResourcesBuildPhase section */

/* Begin PBXSourcesBuildPhase section */
		8B03A29D22D9466600BF35FD /* Sources */ = {
			isa = PBXSourcesBuildPhase;
			buildActionMask = 2147483647;
			files = (
				8B03A2A722D9466600BF35FD /* ScanController.swift in Sources */,
				8BC9B6D422E1BC0900F36F01 /* MLKotaTuaV5.mlmodel in Sources */,
				8B03A2A522D9466600BF35FD /* AppDelegate.swift in Sources */,
				8BC9B6DD22E21A3300F36F01 /* KotuCollection.swift in Sources */,
				8B03A2BC22D94A3700BF35FD /* ExploredController.swift in Sources */,
				8BC9B6E222E21A6C00F36F01 /* JakpusTableViewCell.swift in Sources */,
				8B03A2CF22DF06BC00BF35FD /* MLKotaTuaV4.mlmodel in Sources */,
				8B03A2BE22DC91A300BF35FD /* DiscoverMapController.swift in Sources */,
				8B03A2D722E06BE000BF35FD /* PhotoCell.swift in Sources */,
				8BC9B6EB22E21C8500F36F01 /* DiscoverViewController.swift in Sources */,
				8BC9B6E522E21A9900F36F01 /* JakPusCell.swift in Sources */,
				8BC9B6E022E21A5B00F36F01 /* KotuTableViewCell.swift in Sources */,
				8BC9B6D822E219E300F36F01 /* DiscoverTable.swift in Sources */,
				8B03A2C022DC91BF00BF35FD /* InformationController.swift in Sources */,
				8B03A2C422DDB8A600BF35FD /* ApplicationData.swift in Sources */,
				8B03A2AD22D9466600BF35FD /* JakartaLearningProject.xcdatamodeld in Sources */,
				8BC9B6E722E21AAB00F36F01 /* KotuCell.swift in Sources */,
				8BC9B6DB22E21A1B00F36F01 /* JakPusCollection.swift in Sources */,
			);
			runOnlyForDeploymentPostprocessing = 0;
		};
/* End PBXSourcesBuildPhase section */

/* Begin PBXVariantGroup section */
		8B03A2A822D9466600BF35FD /* Main.storyboard */ = {
			isa = PBXVariantGroup;
			children = (
				8B03A2A922D9466600BF35FD /* Base */,
			);
			name = Main.storyboard;
			sourceTree = "<group>";
		};
		8B03A2B022D9466700BF35FD /* LaunchScreen.storyboard */ = {
			isa = PBXVariantGroup;
			children = (
				8B03A2B122D9466700BF35FD /* Base */,
			);
			name = LaunchScreen.storyboard;
			sourceTree = "<group>";
		};
/* End PBXVariantGroup section */

/* Begin XCBuildConfiguration section */
		8B03A2B422D9466700BF35FD /* Debug */ = {
			isa = XCBuildConfiguration;
			buildSettings = {
				ALWAYS_SEARCH_USER_PATHS = NO;
				CLANG_ANALYZER_NONNULL = YES;
				CLANG_ANALYZER_NUMBER_OBJECT_CONVERSION = YES_AGGRESSIVE;
				CLANG_CXX_LANGUAGE_STANDARD = "gnu++14";
				CLANG_CXX_LIBRARY = "libc++";
				CLANG_ENABLE_MODULES = YES;
				CLANG_ENABLE_OBJC_ARC = YES;
				CLANG_ENABLE_OBJC_WEAK = YES;
				CLANG_WARN_BLOCK_CAPTURE_AUTORELEASING = YES;
				CLANG_WARN_BOOL_CONVERSION = YES;
				CLANG_WARN_COMMA = YES;
				CLANG_WARN_CONSTANT_CONVERSION = YES;
				CLANG_WARN_DEPRECATED_OBJC_IMPLEMENTATIONS = YES;
				CLANG_WARN_DIRECT_OBJC_ISA_USAGE = YES_ERROR;
				CLANG_WARN_DOCUMENTATION_COMMENTS = YES;
				CLANG_WARN_EMPTY_BODY = YES;
				CLANG_WARN_ENUM_CONVERSION = YES;
				CLANG_WARN_INFINITE_RECURSION = YES;
				CLANG_WARN_INT_CONVERSION = YES;
				CLANG_WARN_NON_LITERAL_NULL_CONVERSION = YES;
				CLANG_WARN_OBJC_IMPLICIT_RETAIN_SELF = YES;
				CLANG_WARN_OBJC_LITERAL_CONVERSION = YES;
				CLANG_WARN_OBJC_ROOT_CLASS = YES_ERROR;
				CLANG_WARN_RANGE_LOOP_ANALYSIS = YES;
				CLANG_WARN_STRICT_PROTOTYPES = YES;
				CLANG_WARN_SUSPICIOUS_MOVE = YES;
				CLANG_WARN_UNGUARDED_AVAILABILITY = YES_AGGRESSIVE;
				CLANG_WARN_UNREACHABLE_CODE = YES;
				CLANG_WARN__DUPLICATE_METHOD_MATCH = YES;
				CODE_SIGN_IDENTITY = "iPhone Developer";
				COPY_PHASE_STRIP = NO;
				DEBUG_INFORMATION_FORMAT = dwarf;
				ENABLE_STRICT_OBJC_MSGSEND = YES;
				ENABLE_TESTABILITY = YES;
				GCC_C_LANGUAGE_STANDARD = gnu11;
				GCC_DYNAMIC_NO_PIC = NO;
				GCC_NO_COMMON_BLOCKS = YES;
				GCC_OPTIMIZATION_LEVEL = 0;
				GCC_PREPROCESSOR_DEFINITIONS = (
					"DEBUG=1",
					"$(inherited)",
				);
				GCC_WARN_64_TO_32_BIT_CONVERSION = YES;
				GCC_WARN_ABOUT_RETURN_TYPE = YES_ERROR;
				GCC_WARN_UNDECLARED_SELECTOR = YES;
				GCC_WARN_UNINITIALIZED_AUTOS = YES_AGGRESSIVE;
				GCC_WARN_UNUSED_FUNCTION = YES;
				GCC_WARN_UNUSED_VARIABLE = YES;
				IPHONEOS_DEPLOYMENT_TARGET = 12.2;
				MTL_ENABLE_DEBUG_INFO = INCLUDE_SOURCE;
				MTL_FAST_MATH = YES;
				ONLY_ACTIVE_ARCH = YES;
				SDKROOT = iphoneos;
				SWIFT_ACTIVE_COMPILATION_CONDITIONS = DEBUG;
				SWIFT_OPTIMIZATION_LEVEL = "-Onone";
			};
			name = Debug;
		};
		8B03A2B522D9466700BF35FD /* Release */ = {
			isa = XCBuildConfiguration;
			buildSettings = {
				ALWAYS_SEARCH_USER_PATHS = NO;
				CLANG_ANALYZER_NONNULL = YES;
				CLANG_ANALYZER_NUMBER_OBJECT_CONVERSION = YES_AGGRESSIVE;
				CLANG_CXX_LANGUAGE_STANDARD = "gnu++14";
				CLANG_CXX_LIBRARY = "libc++";
				CLANG_ENABLE_MODULES = YES;
				CLANG_ENABLE_OBJC_ARC = YES;
				CLANG_ENABLE_OBJC_WEAK = YES;
				CLANG_WARN_BLOCK_CAPTURE_AUTORELEASING = YES;
				CLANG_WARN_BOOL_CONVERSION = YES;
				CLANG_WARN_COMMA = YES;
				CLANG_WARN_CONSTANT_CONVERSION = YES;
				CLANG_WARN_DEPRECATED_OBJC_IMPLEMENTATIONS = YES;
				CLANG_WARN_DIRECT_OBJC_ISA_USAGE = YES_ERROR;
				CLANG_WARN_DOCUMENTATION_COMMENTS = YES;
				CLANG_WARN_EMPTY_BODY = YES;
				CLANG_WARN_ENUM_CONVERSION = YES;
				CLANG_WARN_INFINITE_RECURSION = YES;
				CLANG_WARN_INT_CONVERSION = YES;
				CLANG_WARN_NON_LITERAL_NULL_CONVERSION = YES;
				CLANG_WARN_OBJC_IMPLICIT_RETAIN_SELF = YES;
				CLANG_WARN_OBJC_LITERAL_CONVERSION = YES;
				CLANG_WARN_OBJC_ROOT_CLASS = YES_ERROR;
				CLANG_WARN_RANGE_LOOP_ANALYSIS = YES;
				CLANG_WARN_STRICT_PROTOTYPES = YES;
				CLANG_WARN_SUSPICIOUS_MOVE = YES;
				CLANG_WARN_UNGUARDED_AVAILABILITY = YES_AGGRESSIVE;
				CLANG_WARN_UNREACHABLE_CODE = YES;
				CLANG_WARN__DUPLICATE_METHOD_MATCH = YES;
				CODE_SIGN_IDENTITY = "iPhone Developer";
				COPY_PHASE_STRIP = NO;
				DEBUG_INFORMATION_FORMAT = "dwarf-with-dsym";
				ENABLE_NS_ASSERTIONS = NO;
				ENABLE_STRICT_OBJC_MSGSEND = YES;
				GCC_C_LANGUAGE_STANDARD = gnu11;
				GCC_NO_COMMON_BLOCKS = YES;
				GCC_WARN_64_TO_32_BIT_CONVERSION = YES;
				GCC_WARN_ABOUT_RETURN_TYPE = YES_ERROR;
				GCC_WARN_UNDECLARED_SELECTOR = YES;
				GCC_WARN_UNINITIALIZED_AUTOS = YES_AGGRESSIVE;
				GCC_WARN_UNUSED_FUNCTION = YES;
				GCC_WARN_UNUSED_VARIABLE = YES;
				IPHONEOS_DEPLOYMENT_TARGET = 12.2;
				MTL_ENABLE_DEBUG_INFO = NO;
				MTL_FAST_MATH = YES;
				SDKROOT = iphoneos;
				SWIFT_COMPILATION_MODE = wholemodule;
				SWIFT_OPTIMIZATION_LEVEL = "-O";
				VALIDATE_PRODUCT = YES;
			};
			name = Release;
		};
		8B03A2B722D9466700BF35FD /* Debug */ = {
			isa = XCBuildConfiguration;
			buildSettings = {
				ASSETCATALOG_COMPILER_APPICON_NAME = AppIcon;
				CODE_SIGN_STYLE = Automatic;
				DEVELOPMENT_TEAM = 9VA3VNPW9K;
				INFOPLIST_FILE = JakartaLearningProject/Info.plist;
				LD_RUNPATH_SEARCH_PATHS = (
					"$(inherited)",
					"@executable_path/Frameworks",
				);
				PRODUCT_BUNDLE_IDENTIFIER = AppleJuniorDev.JakartaLearningProject;
				PRODUCT_NAME = "$(TARGET_NAME)";
				SWIFT_VERSION = 5.0;
				TARGETED_DEVICE_FAMILY = "1,2";
			};
			name = Debug;
		};
		8B03A2B822D9466700BF35FD /* Release */ = {
			isa = XCBuildConfiguration;
			buildSettings = {
				ASSETCATALOG_COMPILER_APPICON_NAME = AppIcon;
				CODE_SIGN_STYLE = Automatic;
				DEVELOPMENT_TEAM = 9VA3VNPW9K;
				INFOPLIST_FILE = JakartaLearningProject/Info.plist;
				LD_RUNPATH_SEARCH_PATHS = (
					"$(inherited)",
					"@executable_path/Frameworks",
				);
				PRODUCT_BUNDLE_IDENTIFIER = AppleJuniorDev.JakartaLearningProject;
				PRODUCT_NAME = "$(TARGET_NAME)";
				SWIFT_VERSION = 5.0;
				TARGETED_DEVICE_FAMILY = "1,2";
			};
			name = Release;
		};
/* End XCBuildConfiguration section */

/* Begin XCConfigurationList section */
		8B03A29C22D9466600BF35FD /* Build configuration list for PBXProject "JakartaLearningProject" */ = {
			isa = XCConfigurationList;
			buildConfigurations = (
				8B03A2B422D9466700BF35FD /* Debug */,
				8B03A2B522D9466700BF35FD /* Release */,
			);
			defaultConfigurationIsVisible = 0;
			defaultConfigurationName = Release;
		};
		8B03A2B622D9466700BF35FD /* Build configuration list for PBXNativeTarget "JakartaLearningProject" */ = {
			isa = XCConfigurationList;
			buildConfigurations = (
				8B03A2B722D9466700BF35FD /* Debug */,
				8B03A2B822D9466700BF35FD /* Release */,
			);
			defaultConfigurationIsVisible = 0;
			defaultConfigurationName = Release;
		};
/* End XCConfigurationList section */

/* Begin XCVersionGroup section */
		8B03A2AB22D9466600BF35FD /* JakartaLearningProject.xcdatamodeld */ = {
			isa = XCVersionGroup;
			children = (
				8B03A2AC22D9466600BF35FD /* JakartaLearningProject.xcdatamodel */,
			);
			currentVersion = 8B03A2AC22D9466600BF35FD /* JakartaLearningProject.xcdatamodel */;
			path = JakartaLearningProject.xcdatamodeld;
			sourceTree = "<group>";
			versionGroupType = wrapper.xcdatamodel;
		};
/* End XCVersionGroup section */
	};
	rootObject = 8B03A29922D9466600BF35FD /* Project object */;
}
